
Microsoft Visual Studio Solution File, Format Version 12.00
# Visual Studio Version 16
VisualStudioVersion = 16.0.29102.190
MinimumVisualStudioVersion = 10.0.40219.1
Project("{FAE04EC0-301F-11D3-BF4B-00C04F79EFBC}") = "BNU_LaptopsMVC5", "BNU_LaptopsMVC5\BNU_LaptopsMVC5.csproj", "{09E5C18D-716B-4092-9E03-2B4F8449CD78}"
EndProject
Global
	GlobalSection(SolutionConfigurationPlatforms) = preSolution
		Debug|Any CPU = Debug|Any CPU
		Release|Any CPU = Release|Any CPU
	EndGlobalSection
	GlobalSection(ProjectConfigurationPlatforms) = postSolution
		{09E5C18D-716B-4092-9E03-2B4F8449CD78}.Debug|Any CPU.ActiveCfg = Debug|Any CPU
		{09E5C18D-716B-4092-9E03-2B4F8449CD78}.Debug|Any CPU.Build.0 = Debug|Any CPU
		{09E5C18D-716B-4092-9E03-2B4F8449CD78}.Release|Any CPU.ActiveCfg = Release|Any CPU
		{09E5C18D-716B-4092-9E03-2B4F8449CD78}.Release|Any CPU.Build.0 = Release|Any CPU
	EndGlobalSection
	GlobalSection(SolutionProperties) = preSolution
		HideSolutionNode = FALSE
	EndGlobalSection
	GlobalSection(ExtensibilityGlobals) = postSolution
		SolutionGuid = {65084E9F-7ED7-49CD-A007-41C9D120586D}
	EndGlobalSection
EndGlobal
